// !$*UTF8*$!
{
	archiveVersion = 1;
	classes = {
	};
	objectVersion = 56;
	objects = {

/* Begin PBXBuildFile section */
		C32166482981417B00BBEE4E /* AppDelegate.swift in Sources */ = {isa = PBXBuildFile; fileRef = C32166472981417B00BBEE4E /* AppDelegate.swift */; };
		C321664A2981417B00BBEE4E /* SceneDelegate.swift in Sources */ = {isa = PBXBuildFile; fileRef = C32166492981417B00BBEE4E /* SceneDelegate.swift */; };
		C321664C2981417B00BBEE4E /* ViewController.swift in Sources */ = {isa = PBXBuildFile; fileRef = C321664B2981417B00BBEE4E /* ViewController.swift */; };
		C321664F2981417B00BBEE4E /* Main.storyboard in Resources */ = {isa = PBXBuildFile; fileRef = C321664D2981417B00BBEE4E /* Main.storyboard */; };
		C32166512981417D00BBEE4E /* Assets.xcassets in Resources */ = {isa = PBXBuildFile; fileRef = C32166502981417D00BBEE4E /* Assets.xcassets */; };
		C32166542981417D00BBEE4E /* LaunchScreen.storyboard in Resources */ = {isa = PBXBuildFile; fileRef = C32166522981417D00BBEE4E /* LaunchScreen.storyboard */; };
		C328745F2988184B004D9593 /* YeniCollectionViewCell.swift in Sources */ = {isa = PBXBuildFile; fileRef = C328745E2988184B004D9593 /* YeniCollectionViewCell.swift */; };
		C3287461298819B9004D9593 /* YeniFilmler.swift in Sources */ = {isa = PBXBuildFile; fileRef = C3287460298819B9004D9593 /* YeniFilmler.swift */; };
		C328746329887CBC004D9593 /* FilmlerCollectionViewCell.swift in Sources */ = {isa = PBXBuildFile; fileRef = C328746229887CBC004D9593 /* FilmlerCollectionViewCell.swift */; };
		C328746529887EFC004D9593 /* Filmler.swift in Sources */ = {isa = PBXBuildFile; fileRef = C328746429887EFC004D9593 /* Filmler.swift */; };
/* End PBXBuildFile section */

/* Begin PBXFileReference section */
		C32166442981417B00BBEE4E /* DisneyPlusTasarim.app */ = {isa = PBXFileReference; explicitFileType = wrapper.application; includeInIndex = 0; path = DisneyPlusTasarim.app; sourceTree = BUILT_PRODUCTS_DIR; };
		C32166472981417B00BBEE4E /* AppDelegate.swift */ = {isa = PBXFileReference; lastKnownFileType = sourcecode.swift; path = AppDelegate.swift; sourceTree = "<group>"; };
		C32166492981417B00BBEE4E /* SceneDelegate.swift */ = {isa = PBXFileReference; lastKnownFileType = sourcecode.swift; path = SceneDelegate.swift; sourceTree = "<group>"; };
		C321664B2981417B00BBEE4E /* ViewController.swift */ = {isa = PBXFileReference; lastKnownFileType = sourcecode.swift; path = ViewController.swift; sourceTree = "<group>"; };
		C321664E2981417B00BBEE4E /* Base */ = {isa = PBXFileReference; lastKnownFileType = file.storyboard; name = Base; path = Base.lproj/Main.storyboard; sourceTree = "<group>"; };
		C32166502981417D00BBEE4E /* Assets.xcassets */ = {isa = PBXFileReference; lastKnownFileType = folder.assetcatalog; path = Assets.xcassets; sourceTree = "<group>"; };
		C32166532981417D00BBEE4E /* Base */ = {isa = PBXFileReference; lastKnownFileType = file.storyboard; name = Base; path = Base.lproj/LaunchScreen.storyboard; sourceTree = "<group>"; };
		C32166552981417D00BBEE4E /* Info.plist */ = {isa = PBXFileReference; lastKnownFileType = text.plist.xml; path = Info.plist; sourceTree = "<group>"; };
		C328745E2988184B004D9593 /* YeniCollectionViewCell.swift */ = {isa = PBXFileReference; lastKnownFileType = sourcecode.swift; path = YeniCollectionViewCell.swift; sourceTree = "<group>"; };
		C3287460298819B9004D9593 /* YeniFilmler.swift */ = {isa = PBXFileReference; lastKnownFileType = sourcecode.swift; path = YeniFilmler.swift; sourceTree = "<group>"; };
		C328746229887CBC004D9593 /* FilmlerCollectionViewCell.swift */ = {isa = PBXFileReference; lastKnownFileType = sourcecode.swift; path = FilmlerCollectionViewCell.swift; sourceTree = "<group>"; };
		C328746429887EFC004D9593 /* Filmler.swift */ = {isa = PBXFileReference; lastKnownFileType = sourcecode.swift; path = Filmler.swift; sourceTree = "<group>"; };
/* End PBXFileReference section */

/* Begin PBXFrameworksBuildPhase section */
		C32166412981417B00BBEE4E /* Frameworks */ = {
			isa = PBXFrameworksBuildPhase;
			buildActionMask = 2147483647;
			files = (
			);
			runOnlyForDeploymentPostprocessing = 0;
		};
/* End PBXFrameworksBuildPhase section */

/* Begin PBXGroup section */
		C321663B2981417B00BBEE4E = {
			isa = PBXGroup;
			children = (
				C32166462981417B00BBEE4E /* DisneyPlusTasarim */,
				C32166452981417B00BBEE4E /* Products */,
			);
			sourceTree = "<group>";
		};
		C32166452981417B00BBEE4E /* Products */ = {
			isa = PBXGroup;
			children = (
				C32166442981417B00BBEE4E /* DisneyPlusTasarim.app */,
			);
			name = Products;
			sourceTree = "<group>";
		};
		C32166462981417B00BBEE4E /* DisneyPlusTasarim */ = {
			isa = PBXGroup;
			children = (
				C32166472981417B00BBEE4E /* AppDelegate.swift */,
				C32166492981417B00BBEE4E /* SceneDelegate.swift */,
				C321664B2981417B00BBEE4E /* ViewController.swift */,
				C328745E2988184B004D9593 /* YeniCollectionViewCell.swift */,
				C3287460298819B9004D9593 /* YeniFilmler.swift */,
				C328746429887EFC004D9593 /* Filmler.swift */,
				C328746229887CBC004D9593 /* FilmlerCollectionViewCell.swift */,
				C321664D2981417B00BBEE4E /* Main.storyboard */,
				C32166502981417D00BBEE4E /* Assets.xcassets */,
				C32166522981417D00BBEE4E /* LaunchScreen.storyboard */,
				C32166552981417D00BBEE4E /* Info.plist */,
			);
			path = DisneyPlusTasarim;
			sourceTree = "<group>";
		};
/* End PBXGroup section */

/* Begin PBXNativeTarget section */
		C32166432981417B00BBEE4E /* DisneyPlusTasarim */ = {
			isa = PBXNativeTarget;
			buildConfigurationList = C32166582981417D00BBEE4E /* Build configuration list for PBXNativeTarget "DisneyPlusTasarim" */;
			buildPhases = (
				C32166402981417B00BBEE4E /* Sources */,
				C32166412981417B00BBEE4E /* Frameworks */,
				C32166422981417B00BBEE4E /* Resources */,
			);
			buildRules = (
			);
			dependencies = (
			);
			name = DisneyPlusTasarim;
			productName = DisneyPlusTasarim;
			productReference = C32166442981417B00BBEE4E /* DisneyPlusTasarim.app */;
			productType = "com.apple.product-type.application";
		};
/* End PBXNativeTarget section */

/* Begin PBXProject section */
		C321663C2981417B00BBEE4E /* Project object */ = {
			isa = PBXProject;
			attributes = {
				BuildIndependentTargetsInParallel = 1;
				LastSwiftUpdateCheck = 1420;
				LastUpgradeCheck = 1420;
				TargetAttributes = {
					C32166432981417B00BBEE4E = {
						CreatedOnToolsVersion = 14.2;
					};
				};
			};
			buildConfigurationList = C321663F2981417B00BBEE4E /* Build configuration list for PBXProject "DisneyPlusTasarim" */;
			compatibilityVersion = "Xcode 14.0";
			developmentRegion = en;
			hasScannedForEncodings = 0;
			knownRegions = (
				en,
				Base,
			);
			mainGroup = C321663B2981417B00BBEE4E;
			productRefGroup = C32166452981417B00BBEE4E /* Products */;
			projectDirPath = "";
			projectRoot = "";
			targets = (
				C32166432981417B00BBEE4E /* DisneyPlusTasarim */,
			);
		};
/* End PBXProject section */

/* Begin PBXResourcesBuildPhase section */
		C32166422981417B00BBEE4E /* Resources */ = {
			isa = PBXResourcesBuildPhase;
			buildActionMask = 2147483647;
			files = (
				C32166542981417D00BBEE4E /* LaunchScreen.storyboard in Resources */,
				C32166512981417D00BBEE4E /* Assets.xcassets in Resources */,
				C321664F2981417B00BBEE4E /* Main.storyboard in Resources */,
			);
			runOnlyForDeploymentPostprocessing = 0;
		};
/* End PBXResourcesBuildPhase section */

/* Begin PBXSourcesBuildPhase section */
		C32166402981417B00BBEE4E /* Sources */ = {
			isa = PBXSourcesBuildPhase;
			buildActionMask = 2147483647;
			files = (
				C328746329887CBC004D9593 /* FilmlerCollectionViewCell.swift in Sources */,
				C321664C2981417B00BBEE4E /* ViewController.swift in Sources */,
				C3287461298819B9004D9593 /* YeniFilmler.swift in Sources */,
				C32166482981417B00BBEE4E /* AppDelegate.swift in Sources */,
				C321664A2981417B00BBEE4E /* SceneDelegate.swift in Sources */,
				C328745F2988184B004D9593 /* YeniCollectionViewCell.swift in Sources */,
				C328746529887EFC004D9593 /* Filmler.swift in Sources */,
			);
			runOnlyForDeploymentPostprocessing = 0;
		};
/* End PBXSourcesBuildPhase section */

/* Begin PBXVariantGroup section */
		C321664D2981417B00BBEE4E /* Main.storyboard */ = {
			isa = PBXVariantGroup;
			children = (
				C321664E2981417B00BBEE4E /* Base */,
			);
			name = Main.storyboard;
			sourceTree = "<group>";
		};
		C32166522981417D00BBEE4E /* LaunchScreen.storyboard */ = {
			isa = PBXVariantGroup;
			children = (
				C32166532981417D00BBEE4E /* Base */,
			);
			name = LaunchScreen.storyboard;
			sourceTree = "<group>";
		};
/* End PBXVariantGroup section */

/* Begin XCBuildConfiguration section */
		C32166562981417D00BBEE4E /* Debug */ = {
			isa = XCBuildConfiguration;
			buildSettings = {
				ALWAYS_SEARCH_USER_PATHS = NO;
				CLANG_ANALYZER_NONNULL = YES;
				CLANG_ANALYZER_NUMBER_OBJECT_CONVERSION = YES_AGGRESSIVE;
				CLANG_CXX_LANGUAGE_STANDARD = "gnu++20";
				CLANG_ENABLE_MODULES = YES;
				CLANG_ENABLE_OBJC_ARC = YES;
				CLANG_ENABLE_OBJC_WEAK = YES;
				CLANG_WARN_BLOCK_CAPTURE_AUTORELEASING = YES;
				CLANG_WARN_BOOL_CONVERSION = YES;
				CLANG_WARN_COMMA = YES;
				CLANG_WARN_CONSTANT_CONVERSION = YES;
				CLANG_WARN_DEPRECATED_OBJC_IMPLEMENTATIONS = YES;
				CLANG_WARN_DIRECT_OBJC_ISA_USAGE = YES_ERROR;
				CLANG_WARN_DOCUMENTATION_COMMENTS = YES;
				CLANG_WARN_EMPTY_BODY = YES;
				CLANG_WARN_ENUM_CONVERSION = YES;
				CLANG_WARN_INFINITE_RECURSION = YES;
				CLANG_WARN_INT_CONVERSION = YES;
				CLANG_WARN_NON_LITERAL_NULL_CONVERSION = YES;
				CLANG_WARN_OBJC_IMPLICIT_RETAIN_SELF = YES;
				CLANG_WARN_OBJC_LITERAL_CONVERSION = YES;
				CLANG_WARN_OBJC_ROOT_CLASS = YES_ERROR;
				CLANG_WARN_QUOTED_INCLUDE_IN_FRAMEWORK_HEADER = YES;
				CLANG_WARN_RANGE_LOOP_ANALYSIS = YES;
				CLANG_WARN_STRICT_PROTOTYPES = YES;
				CLANG_WARN_SUSPICIOUS_MOVE = YES;
				CLANG_WARN_UNGUARDED_AVAILABILITY = YES_AGGRESSIVE;
				CLANG_WARN_UNREACHABLE_CODE = YES;
				CLANG_WARN__DUPLICATE_METHOD_MATCH = YES;
				COPY_PHASE_STRIP = NO;
				DEBUG_INFORMATION_FORMAT = dwarf;
				ENABLE_STRICT_OBJC_MSGSEND = YES;
				ENABLE_TESTABILITY = YES;
				GCC_C_LANGUAGE_STANDARD = gnu11;
				GCC_DYNAMIC_NO_PIC = NO;
				GCC_NO_COMMON_BLOCKS = YES;
				GCC_OPTIMIZATION_LEVEL = 0;
				GCC_PREPROCESSOR_DEFINITIONS = (
					"DEBUG=1",
					"$(inherited)",
				);
				GCC_WARN_64_TO_32_BIT_CONVERSION = YES;
				GCC_WARN_ABOUT_RETURN_TYPE = YES_ERROR;
				GCC_WARN_UNDECLARED_SELECTOR = YES;
				GCC_WARN_UNINITIALIZED_AUTOS = YES_AGGRESSIVE;
				GCC_WARN_UNUSED_FUNCTION = YES;
				GCC_WARN_UNUSED_VARIABLE = YES;
				IPHONEOS_DEPLOYMENT_TARGET = 16.2;
				MTL_ENABLE_DEBUG_INFO = INCLUDE_SOURCE;
				MTL_FAST_MATH = YES;
				ONLY_ACTIVE_ARCH = YES;
				SDKROOT = iphoneos;
				SWIFT_ACTIVE_COMPILATION_CONDITIONS = DEBUG;
				SWIFT_OPTIMIZATION_LEVEL = "-Onone";
			};
			name = Debug;
		};
		C32166572981417D00BBEE4E /* Release */ = {
			isa = XCBuildConfiguration;
			buildSettings = {
				ALWAYS_SEARCH_USER_PATHS = NO;
				CLANG_ANALYZER_NONNULL = YES;
				CLANG_ANALYZER_NUMBER_OBJECT_CONVERSION = YES_AGGRESSIVE;
				CLANG_CXX_LANGUAGE_STANDARD = "gnu++20";
				CLANG_ENABLE_MODULES = YES;
				CLANG_ENABLE_OBJC_ARC = YES;
				CLANG_ENABLE_OBJC_WEAK = YES;
				CLANG_WARN_BLOCK_CAPTURE_AUTORELEASING = YES;
				CLANG_WARN_BOOL_CONVERSION = YES;
				CLANG_WARN_COMMA = YES;
				CLANG_WARN_CONSTANT_CONVERSION = YES;
				CLANG_WARN_DEPRECATED_OBJC_IMPLEMENTATIONS = YES;
				CLANG_WARN_DIRECT_OBJC_ISA_USAGE = YES_ERROR;
				CLANG_WARN_DOCUMENTATION_COMMENTS = YES;
				CLANG_WARN_EMPTY_BODY = YES;
				CLANG_WARN_ENUM_CONVERSION = YES;
				CLANG_WARN_INFINITE_RECURSION = YES;
				CLANG_WARN_INT_CONVERSION = YES;
				CLANG_WARN_NON_LITERAL_NULL_CONVERSION = YES;
				CLANG_WARN_OBJC_IMPLICIT_RETAIN_SELF = YES;
				CLANG_WARN_OBJC_LITERAL_CONVERSION = YES;
				CLANG_WARN_OBJC_ROOT_CLASS = YES_ERROR;
				CLANG_WARN_QUOTED_INCLUDE_IN_FRAMEWORK_HEADER = YES;
				CLANG_WARN_RANGE_LOOP_ANALYSIS = YES;
				CLANG_WARN_STRICT_PROTOTYPES = YES;
				CLANG_WARN_SUSPICIOUS_MOVE = YES;
				CLANG_WARN_UNGUARDED_AVAILABILITY = YES_AGGRESSIVE;
				CLANG_WARN_UNREACHABLE_CODE = YES;
				CLANG_WARN__DUPLICATE_METHOD_MATCH = YES;
				COPY_PHASE_STRIP = NO;
				DEBUG_INFORMATION_FORMAT = "dwarf-with-dsym";
				ENABLE_NS_ASSERTIONS = NO;
				ENABLE_STRICT_OBJC_MSGSEND = YES;
				GCC_C_LANGUAGE_STANDARD = gnu11;
				GCC_NO_COMMON_BLOCKS = YES;
				GCC_WARN_64_TO_32_BIT_CONVERSION = YES;
				GCC_WARN_ABOUT_RETURN_TYPE = YES_ERROR;
				GCC_WARN_UNDECLARED_SELECTOR = YES;
				GCC_WARN_UNINITIALIZED_AUTOS = YES_AGGRESSIVE;
				GCC_WARN_UNUSED_FUNCTION = YES;
				GCC_WARN_UNUSED_VARIABLE = YES;
				IPHONEOS_DEPLOYMENT_TARGET = 16.2;
				MTL_ENABLE_DEBUG_INFO = NO;
				MTL_FAST_MATH = YES;
				SDKROOT = iphoneos;
				SWIFT_COMPILATION_MODE = wholemodule;
				SWIFT_OPTIMIZATION_LEVEL = "-O";
				VALIDATE_PRODUCT = YES;
			};
			name = Release;
		};
		C32166592981417D00BBEE4E /* Debug */ = {
			isa = XCBuildConfiguration;
			buildSettings = {
				ASSETCATALOG_COMPILER_APPICON_NAME = AppIcon;
				ASSETCATALOG_COMPILER_GLOBAL_ACCENT_COLOR_NAME = AccentColor;
				CODE_SIGN_STYLE = Automatic;
				CURRENT_PROJECT_VERSION = 1;
				GENERATE_INFOPLIST_FILE = YES;
				INFOPLIST_FILE = DisneyPlusTasarim/Info.plist;
				INFOPLIST_KEY_UIApplicationSupportsIndirectInputEvents = YES;
				INFOPLIST_KEY_UILaunchStoryboardName = LaunchScreen;
				INFOPLIST_KEY_UIMainStoryboardFile = Main;
				INFOPLIST_KEY_UISupportedInterfaceOrientations_iPad = "UIInterfaceOrientationPortrait UIInterfaceOrientationPortraitUpsideDown UIInterfaceOrientationLandscapeLeft UIInterfaceOrientationLandscapeRight";
				INFOPLIST_KEY_UISupportedInterfaceOrientations_iPhone = "UIInterfaceOrientationPortrait UIInterfaceOrientationLandscapeLeft UIInterfaceOrientationLandscapeRight";
				LD_RUNPATH_SEARCH_PATHS = (
					"$(inherited)",
					"@executable_path/Frameworks",
				);
				MARKETING_VERSION = 1.0;
				PRODUCT_BUNDLE_IDENTIFIER = com.efh.DisneyPlusTasarim;
				PRODUCT_NAME = "$(TARGET_NAME)";
				SWIFT_EMIT_LOC_STRINGS = YES;
				SWIFT_VERSION = 5.0;
				TARGETED_DEVICE_FAMILY = "1,2";
			};
			name = Debug;
		};
		C321665A2981417D00BBEE4E /* Release */ = {
			isa = XCBuildConfiguration;
			buildSettings = {
				ASSETCATALOG_COMPILER_APPICON_NAME = AppIcon;
				ASSETCATALOG_COMPILER_GLOBAL_ACCENT_COLOR_NAME = AccentColor;
				CODE_SIGN_STYLE = Automatic;
				CURRENT_PROJECT_VERSION = 1;
				GENERATE_INFOPLIST_FILE = YES;
				INFOPLIST_FILE = DisneyPlusTasarim/Info.plist;
				INFOPLIST_KEY_UIApplicationSupportsIndirectInputEvents = YES;
				INFOPLIST_KEY_UILaunchStoryboardName = LaunchScreen;
				INFOPLIST_KEY_UIMainStoryboardFile = Main;
				INFOPLIST_KEY_UISupportedInterfaceOrientations_iPad = "UIInterfaceOrientationPortrait UIInterfaceOrientationPortraitUpsideDown UIInterfaceOrientationLandscapeLeft UIInterfaceOrientationLandscapeRight";
				INFOPLIST_KEY_UISupportedInterfaceOrientations_iPhone = "UIInterfaceOrientationPortrait UIInterfaceOrientationLandscapeLeft UIInterfaceOrientationLandscapeRight";
				LD_RUNPATH_SEARCH_PATHS = (
					"$(inherited)",
					"@executable_path/Frameworks",
				);
				MARKETING_VERSION = 1.0;
				PRODUCT_BUNDLE_IDENTIFIER = com.efh.DisneyPlusTasarim;
				PRODUCT_NAME = "$(TARGET_NAME)";
				SWIFT_EMIT_LOC_STRINGS = YES;
				SWIFT_VERSION = 5.0;
				TARGETED_DEVICE_FAMILY = "1,2";
			};
			name = Release;
		};
/* End XCBuildConfiguration section */

/* Begin XCConfigurationList section */
		C321663F2981417B00BBEE4E /* Build configuration list for PBXProject "DisneyPlusTasarim" */ = {
			isa = XCConfigurationList;
			buildConfigurations = (
				C32166562981417D00BBEE4E /* Debug */,
				C32166572981417D00BBEE4E /* Release */,
			);
			defaultConfigurationIsVisible = 0;
			defaultConfigurationName = Release;
		};
		C32166582981417D00BBEE4E /* Build configuration list for PBXNativeTarget "DisneyPlusTasarim" */ = {
			isa = XCConfigurationList;
			buildConfigurations = (
				C32166592981417D00BBEE4E /* Debug */,
				C321665A2981417D00BBEE4E /* Release */,
			);
			defaultConfigurationIsVisible = 0;
			defaultConfigurationName = Release;
		};
/* End XCConfigurationList section */
	};
	rootObject = C321663C2981417B00BBEE4E /* Project object */;
}
